
Microsoft Visual Studio Solution File, Format Version 12.00
# Visual Studio Version 17
VisualStudioVersion = 17.9.34728.123
MinimumVisualStudioVersion = 10.0.40219.1
Project("{9A19103F-16F7-4668-BE54-9A1E7A4F7556}") = "CommunityCameraReproToolkit", "src\CommunityCameraReproToolkit\CommunityCameraReproToolkit.csproj", "{B41A355E-FF90-4133-AA1D-51A1ABC00F11}"
EndProject
Project("{2150E333-8FDC-42A3-9474-1A3956D46DE8}") = "Samples", "Samples", "{0AA62F33-556B-4714-B713-A51F5EC387A7}"
EndProject
Project("{FAE04EC0-301F-11D3-BF4B-00C04F79EFBC}") = "CommunityCameraReproWithBug", "samples\CommunityCameraReproWithBug\CommunityCameraReproWithBug.csproj", "{C4424C3D-C6F9-4FAE-B413-AF143A60E034}"
EndProject
Project("{FAE04EC0-301F-11D3-BF4B-00C04F79EFBC}") = "CommunityCameraReproWithoutBug", "samples\CommunityCameraReproWithoutBug\CommunityCameraReproWithoutBug.csproj", "{0B6BA64C-240C-4E6A-B75A-4127D396C433}"
EndProject
Global
	GlobalSection(SolutionConfigurationPlatforms) = preSolution
		Debug|Any CPU = Debug|Any CPU
		Release|Any CPU = Release|Any CPU
	EndGlobalSection
	GlobalSection(ProjectConfigurationPlatforms) = postSolution
		{B41A355E-FF90-4133-AA1D-51A1ABC00F11}.Debug|Any CPU.ActiveCfg = Debug|Any CPU
		{B41A355E-FF90-4133-AA1D-51A1ABC00F11}.Debug|Any CPU.Build.0 = Debug|Any CPU
		{B41A355E-FF90-4133-AA1D-51A1ABC00F11}.Release|Any CPU.ActiveCfg = Release|Any CPU
		{B41A355E-FF90-4133-AA1D-51A1ABC00F11}.Release|Any CPU.Build.0 = Release|Any CPU
		{C4424C3D-C6F9-4FAE-B413-AF143A60E034}.Debug|Any CPU.ActiveCfg = Debug|Any CPU
		{C4424C3D-C6F9-4FAE-B413-AF143A60E034}.Debug|Any CPU.Build.0 = Debug|Any CPU
		{C4424C3D-C6F9-4FAE-B413-AF143A60E034}.Debug|Any CPU.Deploy.0 = Debug|Any CPU
		{C4424C3D-C6F9-4FAE-B413-AF143A60E034}.Release|Any CPU.ActiveCfg = Release|Any CPU
		{C4424C3D-C6F9-4FAE-B413-AF143A60E034}.Release|Any CPU.Build.0 = Release|Any CPU
		{C4424C3D-C6F9-4FAE-B413-AF143A60E034}.Release|Any CPU.Deploy.0 = Release|Any CPU
		{0B6BA64C-240C-4E6A-B75A-4127D396C433}.Debug|Any CPU.ActiveCfg = Debug|Any CPU
		{0B6BA64C-240C-4E6A-B75A-4127D396C433}.Debug|Any CPU.Build.0 = Debug|Any CPU
		{0B6BA64C-240C-4E6A-B75A-4127D396C433}.Debug|Any CPU.Deploy.0 = Debug|Any CPU
		{0B6BA64C-240C-4E6A-B75A-4127D396C433}.Release|Any CPU.ActiveCfg = Release|Any CPU
		{0B6BA64C-240C-4E6A-B75A-4127D396C433}.Release|Any CPU.Build.0 = Release|Any CPU
		{0B6BA64C-240C-4E6A-B75A-4127D396C433}.Release|Any CPU.Deploy.0 = Release|Any CPU
	EndGlobalSection
	GlobalSection(SolutionProperties) = preSolution
		HideSolutionNode = FALSE
	EndGlobalSection
	GlobalSection(NestedProjects) = preSolution
		{C4424C3D-C6F9-4FAE-B413-AF143A60E034} = {0AA62F33-556B-4714-B713-A51F5EC387A7}
		{0B6BA64C-240C-4E6A-B75A-4127D396C433} = {0AA62F33-556B-4714-B713-A51F5EC387A7}
	EndGlobalSection
	GlobalSection(ExtensibilityGlobals) = postSolution
		SolutionGuid = {620F5F34-610E-4263-BCCA-0F46E5AB7ED6}
	EndGlobalSection
EndGlobal
